{
  "version": 4,
  "terraform_version": "1.0.6",
  "serial": 17,
  "lineage": "08ecb32d-f83f-4874-6788-e6d909daf005",
  "outputs": {},
  "resources": [
    {
      "mode": "managed",
      "type": "aci_tenant",
      "name": "anshul_terraform",
      "provider": "provider[\"registry.terraform.io/ciscodevnet/aci\"]",
      "instances": [
        {
          "schema_version": 1,
          "attributes": {
            "annotation": "orchestrator:terraform",
            "description": "",
            "id": "uni/tn-anshul_terraform",
            "name": "anshul_terraform",
            "name_alias": "",
            "relation_fv_rs_tenant_mon_pol": null,
            "relation_fv_rs_tn_deny_rule": null
          },
          "sensitive_attributes": [],
          "private": "eyJzY2hlbWFfdmVyc2lvbiI6IjEifQ=="
        }
      ]
    }
  ]
}
